
Microsoft Visual Studio Solution File, Format Version 12.00
# Visual Studio 14
VisualStudioVersion = 14.0.23107.0
MinimumVisualStudioVersion = 10.0.40219.1
Project("{FAE04EC0-301F-11D3-BF4B-00C04F79EFBC}") = "MetaSharp.Task", "MetaSharp.Task\MetaSharp.Task.csproj", "{4E0FA273-74F8-47FB-8881-40BC7BE77CBC}"
EndProject
Project("{FAE04EC0-301F-11D3-BF4B-00C04F79EFBC}") = "MetaSharp.Generator", "MetaSharp.Generator\MetaSharp.Generator.csproj", "{F20745EB-B266-4C27-A692-F241EA1E3FB7}"
EndProject
Project("{FAE04EC0-301F-11D3-BF4B-00C04F79EFBC}") = "MetaSharp.Test", "MetaSharp.Test\MetaSharp.Test.csproj", "{35326999-EEC9-4A53-8F14-EEA954F87F6B}"
EndProject
Project("{FAE04EC0-301F-11D3-BF4B-00C04F79EFBC}") = "MetaSharp", "MetaSharp\MetaSharp.csproj", "{78269216-177B-4B14-A61F-B249CB2947F0}"
EndProject
Project("{FAE04EC0-301F-11D3-BF4B-00C04F79EFBC}") = "MetaSharp.Console", "MetaSharp.Console\MetaSharp.Console.csproj", "{2F741E62-3CC6-413E-887A-B24DD059DCAE}"
EndProject
Project("{FAE04EC0-301F-11D3-BF4B-00C04F79EFBC}") = "MetaSharp.Test.Functional", "MetaSharp.Test.Functional\MetaSharp.Test.Functional.csproj", "{3CB612CB-BBFA-48F4-A8D7-06B1A245C811}"
	ProjectSection(ProjectDependencies) = postProject
		{2F741E62-3CC6-413E-887A-B24DD059DCAE} = {2F741E62-3CC6-413E-887A-B24DD059DCAE}
	EndProjectSection
EndProject
Global
	GlobalSection(SolutionConfigurationPlatforms) = preSolution
		Debug|Any CPU = Debug|Any CPU
		Release|Any CPU = Release|Any CPU
	EndGlobalSection
	GlobalSection(ProjectConfigurationPlatforms) = postSolution
		{4E0FA273-74F8-47FB-8881-40BC7BE77CBC}.Debug|Any CPU.ActiveCfg = Debug|Any CPU
		{4E0FA273-74F8-47FB-8881-40BC7BE77CBC}.Debug|Any CPU.Build.0 = Debug|Any CPU
		{4E0FA273-74F8-47FB-8881-40BC7BE77CBC}.Release|Any CPU.ActiveCfg = Release|Any CPU
		{4E0FA273-74F8-47FB-8881-40BC7BE77CBC}.Release|Any CPU.Build.0 = Release|Any CPU
		{F20745EB-B266-4C27-A692-F241EA1E3FB7}.Debug|Any CPU.ActiveCfg = Debug|Any CPU
		{F20745EB-B266-4C27-A692-F241EA1E3FB7}.Debug|Any CPU.Build.0 = Debug|Any CPU
		{F20745EB-B266-4C27-A692-F241EA1E3FB7}.Release|Any CPU.ActiveCfg = Release|Any CPU
		{F20745EB-B266-4C27-A692-F241EA1E3FB7}.Release|Any CPU.Build.0 = Release|Any CPU
		{35326999-EEC9-4A53-8F14-EEA954F87F6B}.Debug|Any CPU.ActiveCfg = Debug|Any CPU
		{35326999-EEC9-4A53-8F14-EEA954F87F6B}.Debug|Any CPU.Build.0 = Debug|Any CPU
		{35326999-EEC9-4A53-8F14-EEA954F87F6B}.Release|Any CPU.ActiveCfg = Release|Any CPU
		{35326999-EEC9-4A53-8F14-EEA954F87F6B}.Release|Any CPU.Build.0 = Release|Any CPU
		{78269216-177B-4B14-A61F-B249CB2947F0}.Debug|Any CPU.ActiveCfg = Debug|Any CPU
		{78269216-177B-4B14-A61F-B249CB2947F0}.Debug|Any CPU.Build.0 = Debug|Any CPU
		{78269216-177B-4B14-A61F-B249CB2947F0}.Release|Any CPU.ActiveCfg = Release|Any CPU
		{78269216-177B-4B14-A61F-B249CB2947F0}.Release|Any CPU.Build.0 = Release|Any CPU
		{2F741E62-3CC6-413E-887A-B24DD059DCAE}.Debug|Any CPU.ActiveCfg = Debug|Any CPU
		{2F741E62-3CC6-413E-887A-B24DD059DCAE}.Debug|Any CPU.Build.0 = Debug|Any CPU
		{2F741E62-3CC6-413E-887A-B24DD059DCAE}.Release|Any CPU.ActiveCfg = Release|Any CPU
		{2F741E62-3CC6-413E-887A-B24DD059DCAE}.Release|Any CPU.Build.0 = Release|Any CPU
		{3CB612CB-BBFA-48F4-A8D7-06B1A245C811}.Debug|Any CPU.ActiveCfg = Debug|Any CPU
		{3CB612CB-BBFA-48F4-A8D7-06B1A245C811}.Debug|Any CPU.Build.0 = Debug|Any CPU
		{3CB612CB-BBFA-48F4-A8D7-06B1A245C811}.Release|Any CPU.ActiveCfg = Release|Any CPU
		{3CB612CB-BBFA-48F4-A8D7-06B1A245C811}.Release|Any CPU.Build.0 = Release|Any CPU
	EndGlobalSection
	GlobalSection(SolutionProperties) = preSolution
		HideSolutionNode = FALSE
	EndGlobalSection
EndGlobal
