
Microsoft Visual Studio Solution File, Format Version 12.00
# Visual Studio Version 16
VisualStudioVersion = 16.0.28606.126
MinimumVisualStudioVersion = 10.0.40219.1
Project("{9A19103F-16F7-4668-BE54-9A1E7A4F7556}") = "MetaSharp.NetCore", "MetaSharp\MetaSharp.NetCore.csproj", "{9AAC1F46-9C15-48CE-AA45-F07C43646682}"
EndProject
Project("{9A19103F-16F7-4668-BE54-9A1E7A4F7556}") = "MetaSharp.Generator.NetCore", "MetaSharp.Generator\MetaSharp.Generator.NetCore.csproj", "{E591DFF5-6E06-433C-8E89-400EF760D8B8}"
EndProject
Project("{9A19103F-16F7-4668-BE54-9A1E7A4F7556}") = "MetaSharp.Console.NetCore", "MetaSharp.Console\MetaSharp.Console.NetCore.csproj", "{41BBFDEC-B408-4889-98CD-D25A475A2BC2}"
EndProject
Project("{9A19103F-16F7-4668-BE54-9A1E7A4F7556}") = "MetaSharp.Test.NetCore", "MetaSharp.Test\MetaSharp.Test.NetCore.csproj", "{10CCDACD-89A9-4CA1-B984-A8F6DE22A51F}"
EndProject
Global
	GlobalSection(SolutionConfigurationPlatforms) = preSolution
		Debug|Any CPU = Debug|Any CPU
		Release|Any CPU = Release|Any CPU
	EndGlobalSection
	GlobalSection(ProjectConfigurationPlatforms) = postSolution
		{9AAC1F46-9C15-48CE-AA45-F07C43646682}.Debug|Any CPU.ActiveCfg = Debug|Any CPU
		{9AAC1F46-9C15-48CE-AA45-F07C43646682}.Debug|Any CPU.Build.0 = Debug|Any CPU
		{9AAC1F46-9C15-48CE-AA45-F07C43646682}.Release|Any CPU.ActiveCfg = Release|Any CPU
		{9AAC1F46-9C15-48CE-AA45-F07C43646682}.Release|Any CPU.Build.0 = Release|Any CPU
		{E591DFF5-6E06-433C-8E89-400EF760D8B8}.Debug|Any CPU.ActiveCfg = Debug|Any CPU
		{E591DFF5-6E06-433C-8E89-400EF760D8B8}.Debug|Any CPU.Build.0 = Debug|Any CPU
		{E591DFF5-6E06-433C-8E89-400EF760D8B8}.Release|Any CPU.ActiveCfg = Release|Any CPU
		{E591DFF5-6E06-433C-8E89-400EF760D8B8}.Release|Any CPU.Build.0 = Release|Any CPU
		{41BBFDEC-B408-4889-98CD-D25A475A2BC2}.Debug|Any CPU.ActiveCfg = Debug|Any CPU
		{41BBFDEC-B408-4889-98CD-D25A475A2BC2}.Debug|Any CPU.Build.0 = Debug|Any CPU
		{41BBFDEC-B408-4889-98CD-D25A475A2BC2}.Release|Any CPU.ActiveCfg = Release|Any CPU
		{41BBFDEC-B408-4889-98CD-D25A475A2BC2}.Release|Any CPU.Build.0 = Release|Any CPU
		{10CCDACD-89A9-4CA1-B984-A8F6DE22A51F}.Debug|Any CPU.ActiveCfg = Debug|Any CPU
		{10CCDACD-89A9-4CA1-B984-A8F6DE22A51F}.Debug|Any CPU.Build.0 = Debug|Any CPU
		{10CCDACD-89A9-4CA1-B984-A8F6DE22A51F}.Release|Any CPU.ActiveCfg = Release|Any CPU
		{10CCDACD-89A9-4CA1-B984-A8F6DE22A51F}.Release|Any CPU.Build.0 = Release|Any CPU
	EndGlobalSection
	GlobalSection(SolutionProperties) = preSolution
		HideSolutionNode = FALSE
	EndGlobalSection
	GlobalSection(ExtensibilityGlobals) = postSolution
		SolutionGuid = {0D01DA97-9537-4A2E-86C2-B0FE4401BD47}
	EndGlobalSection
EndGlobal
